
Microsoft Visual Studio Solution File, Format Version 12.00
# Visual Studio Version 16
VisualStudioVersion = 16.0.30002.166
MinimumVisualStudioVersion = 10.0.40219.1
Project("{FAE04EC0-301F-11D3-BF4B-00C04F79EFBC}") = "Euler_Project", "Euler_Project.csproj", "{2531AA4D-96EE-4C11-A7BC-A45701B77390}"
EndProject
Global
	GlobalSection(SolutionConfigurationPlatforms) = preSolution
		Debug|Any CPU = Debug|Any CPU
		Release|Any CPU = Release|Any CPU
	EndGlobalSection
	GlobalSection(ProjectConfigurationPlatforms) = postSolution
		{2531AA4D-96EE-4C11-A7BC-A45701B77390}.Debug|Any CPU.ActiveCfg = Debug|Any CPU
		{2531AA4D-96EE-4C11-A7BC-A45701B77390}.Debug|Any CPU.Build.0 = Debug|Any CPU
		{2531AA4D-96EE-4C11-A7BC-A45701B77390}.Release|Any CPU.ActiveCfg = Release|Any CPU
		{2531AA4D-96EE-4C11-A7BC-A45701B77390}.Release|Any CPU.Build.0 = Release|Any CPU
	EndGlobalSection
	GlobalSection(SolutionProperties) = preSolution
		HideSolutionNode = FALSE
	EndGlobalSection
	GlobalSection(ExtensibilityGlobals) = postSolution
		SolutionGuid = {BD0174B8-9B27-4052-AEC9-97EF6EC430F8}
	EndGlobalSection
EndGlobal
